
Microsoft Visual Studio Solution File, Format Version 12.00
# Visual Studio 2012
Project("{FAE04EC0-301F-11D3-BF4B-00C04F79EFBC}") = "ConsoleApplicationHello", "ConsoleApplicationHello\ConsoleApplicationHello.csproj", "{F877E119-EA79-4AE2-A74B-A7202F542E39}"
EndProject
Global
	GlobalSection(SolutionConfigurationPlatforms) = preSolution
		Debug|Any CPU = Debug|Any CPU
		Release|Any CPU = Release|Any CPU
	EndGlobalSection
	GlobalSection(ProjectConfigurationPlatforms) = postSolution
		{F877E119-EA79-4AE2-A74B-A7202F542E39}.Debug|Any CPU.ActiveCfg = Debug|Any CPU
		{F877E119-EA79-4AE2-A74B-A7202F542E39}.Debug|Any CPU.Build.0 = Debug|Any CPU
		{F877E119-EA79-4AE2-A74B-A7202F542E39}.Release|Any CPU.ActiveCfg = Release|Any CPU
		{F877E119-EA79-4AE2-A74B-A7202F542E39}.Release|Any CPU.Build.0 = Release|Any CPU
	EndGlobalSection
	GlobalSection(SolutionProperties) = preSolution
		HideSolutionNode = FALSE
	EndGlobalSection
EndGlobal
